// !$*UTF8*$!
{
	archiveVersion = 1;
	classes = {
	};
	objectVersion = 50;
	objects = {

/* Begin PBXBuildFile section */
		1AFD17632241E9C40089268A /* AppDelegate.swift in Sources */ = {isa = PBXBuildFile; fileRef = 1AFD17622241E9C40089268A /* AppDelegate.swift */; };
		1AFD17652241E9C40089268A /* ViewController.swift in Sources */ = {isa = PBXBuildFile; fileRef = 1AFD17642241E9C40089268A /* ViewController.swift */; };
		1AFD17682241E9C40089268A /* Main.storyboard in Resources */ = {isa = PBXBuildFile; fileRef = 1AFD17662241E9C40089268A /* Main.storyboard */; };
		1AFD176A2241E9C60089268A /* Assets.xcassets in Resources */ = {isa = PBXBuildFile; fileRef = 1AFD17692241E9C60089268A /* Assets.xcassets */; };
		1AFD176D2241E9C60089268A /* LaunchScreen.storyboard in Resources */ = {isa = PBXBuildFile; fileRef = 1AFD176B2241E9C60089268A /* LaunchScreen.storyboard */; };
		1AFD17762241EA260089268A /* Security.framework in Frameworks */ = {isa = PBXBuildFile; fileRef = 1AFD17752241EA260089268A /* Security.framework */; };
		1AFD17782241EA2D0089268A /* LocalAuthentication.framework in Frameworks */ = {isa = PBXBuildFile; fileRef = 1AFD17772241EA2D0089268A /* LocalAuthentication.framework */; };
/* End PBXBuildFile section */

/* Begin PBXFileReference section */
		1AFD175F2241E9C40089268A /* TouchAuthDemo.app */ = {isa = PBXFileReference; explicitFileType = wrapper.application; includeInIndex = 0; path = TouchAuthDemo.app; sourceTree = BUILT_PRODUCTS_DIR; };
		1AFD17622241E9C40089268A /* AppDelegate.swift */ = {isa = PBXFileReference; lastKnownFileType = sourcecode.swift; path = AppDelegate.swift; sourceTree = "<group>"; };
		1AFD17642241E9C40089268A /* ViewController.swift */ = {isa = PBXFileReference; lastKnownFileType = sourcecode.swift; path = ViewController.swift; sourceTree = "<group>"; };
		1AFD17672241E9C40089268A /* Base */ = {isa = PBXFileReference; lastKnownFileType = file.storyboard; name = Base; path = Base.lproj/Main.storyboard; sourceTree = "<group>"; };
		1AFD17692241E9C60089268A /* Assets.xcassets */ = {isa = PBXFileReference; lastKnownFileType = folder.assetcatalog; path = Assets.xcassets; sourceTree = "<group>"; };
		1AFD176C2241E9C60089268A /* Base */ = {isa = PBXFileReference; lastKnownFileType = file.storyboard; name = Base; path = Base.lproj/LaunchScreen.storyboard; sourceTree = "<group>"; };
		1AFD176E2241E9C60089268A /* Info.plist */ = {isa = PBXFileReference; lastKnownFileType = text.plist.xml; path = Info.plist; sourceTree = "<group>"; };
		1AFD17752241EA260089268A /* Security.framework */ = {isa = PBXFileReference; lastKnownFileType = wrapper.framework; name = Security.framework; path = System/Library/Frameworks/Security.framework; sourceTree = SDKROOT; };
		1AFD17772241EA2D0089268A /* LocalAuthentication.framework */ = {isa = PBXFileReference; lastKnownFileType = wrapper.framework; name = LocalAuthentication.framework; path = System/Library/Frameworks/LocalAuthentication.framework; sourceTree = SDKROOT; };
/* End PBXFileReference section */

/* Begin PBXFrameworksBuildPhase section */
		1AFD175C2241E9C40089268A /* Frameworks */ = {
			isa = PBXFrameworksBuildPhase;
			buildActionMask = 2147483647;
			files = (
				1AFD17782241EA2D0089268A /* LocalAuthentication.framework in Frameworks */,
				1AFD17762241EA260089268A /* Security.framework in Frameworks */,
			);
			runOnlyForDeploymentPostprocessing = 0;
		};
/* End PBXFrameworksBuildPhase section */

/* Begin PBXGroup section */
		1AFD17562241E9C40089268A = {
			isa = PBXGroup;
			children = (
				1AFD17612241E9C40089268A /* TouchAuthDemo */,
				1AFD17602241E9C40089268A /* Products */,
				1AFD17742241EA260089268A /* Frameworks */,
			);
			sourceTree = "<group>";
		};
		1AFD17602241E9C40089268A /* Products */ = {
			isa = PBXGroup;
			children = (
				1AFD175F2241E9C40089268A /* TouchAuthDemo.app */,
			);
			name = Products;
			sourceTree = "<group>";
		};
		1AFD17612241E9C40089268A /* TouchAuthDemo */ = {
			isa = PBXGroup;
			children = (
				1AFD17622241E9C40089268A /* AppDelegate.swift */,
				1AFD17642241E9C40089268A /* ViewController.swift */,
				1AFD17662241E9C40089268A /* Main.storyboard */,
				1AFD17692241E9C60089268A /* Assets.xcassets */,
				1AFD176B2241E9C60089268A /* LaunchScreen.storyboard */,
				1AFD176E2241E9C60089268A /* Info.plist */,
			);
			path = TouchAuthDemo;
			sourceTree = "<group>";
		};
		1AFD17742241EA260089268A /* Frameworks */ = {
			isa = PBXGroup;
			children = (
				1AFD17772241EA2D0089268A /* LocalAuthentication.framework */,
				1AFD17752241EA260089268A /* Security.framework */,
			);
			name = Frameworks;
			sourceTree = "<group>";
		};
/* End PBXGroup section */

/* Begin PBXNativeTarget section */
		1AFD175E2241E9C40089268A /* TouchAuthDemo */ = {
			isa = PBXNativeTarget;
			buildConfigurationList = 1AFD17712241E9C60089268A /* Build configuration list for PBXNativeTarget "TouchAuthDemo" */;
			buildPhases = (
				1AFD175B2241E9C40089268A /* Sources */,
				1AFD175C2241E9C40089268A /* Frameworks */,
				1AFD175D2241E9C40089268A /* Resources */,
			);
			buildRules = (
			);
			dependencies = (
			);
			name = TouchAuthDemo;
			productName = TouchAuthDemo;
			productReference = 1AFD175F2241E9C40089268A /* TouchAuthDemo.app */;
			productType = "com.apple.product-type.application";
		};
/* End PBXNativeTarget section */

/* Begin PBXProject section */
		1AFD17572241E9C40089268A /* Project object */ = {
			isa = PBXProject;
			attributes = {
				LastSwiftUpdateCheck = 1010;
				LastUpgradeCheck = 1010;
				ORGANIZATIONNAME = huan.chen;
				TargetAttributes = {
					1AFD175E2241E9C40089268A = {
						CreatedOnToolsVersion = 10.1;
					};
				};
			};
			buildConfigurationList = 1AFD175A2241E9C40089268A /* Build configuration list for PBXProject "TouchAuthDemo" */;
			compatibilityVersion = "Xcode 9.3";
			developmentRegion = en;
			hasScannedForEncodings = 0;
			knownRegions = (
				en,
				Base,
			);
			mainGroup = 1AFD17562241E9C40089268A;
			productRefGroup = 1AFD17602241E9C40089268A /* Products */;
			projectDirPath = "";
			projectRoot = "";
			targets = (
				1AFD175E2241E9C40089268A /* TouchAuthDemo */,
			);
		};
/* End PBXProject section */

/* Begin PBXResourcesBuildPhase section */
		1AFD175D2241E9C40089268A /* Resources */ = {
			isa = PBXResourcesBuildPhase;
			buildActionMask = 2147483647;
			files = (
				1AFD176D2241E9C60089268A /* LaunchScreen.storyboard in Resources */,
				1AFD176A2241E9C60089268A /* Assets.xcassets in Resources */,
				1AFD17682241E9C40089268A /* Main.storyboard in Resources */,
			);
			runOnlyForDeploymentPostprocessing = 0;
		};
/* End PBXResourcesBuildPhase section */

/* Begin PBXSourcesBuildPhase section */
		1AFD175B2241E9C40089268A /* Sources */ = {
			isa = PBXSourcesBuildPhase;
			buildActionMask = 2147483647;
			files = (
				1AFD17652241E9C40089268A /* ViewController.swift in Sources */,
				1AFD17632241E9C40089268A /* AppDelegate.swift in Sources */,
			);
			runOnlyForDeploymentPostprocessing = 0;
		};
/* End PBXSourcesBuildPhase section */

/* Begin PBXVariantGroup section */
		1AFD17662241E9C40089268A /* Main.storyboard */ = {
			isa = PBXVariantGroup;
			children = (
				1AFD17672241E9C40089268A /* Base */,
			);
			name = Main.storyboard;
			sourceTree = "<group>";
		};
		1AFD176B2241E9C60089268A /* LaunchScreen.storyboard */ = {
			isa = PBXVariantGroup;
			children = (
				1AFD176C2241E9C60089268A /* Base */,
			);
			name = LaunchScreen.storyboard;
			sourceTree = "<group>";
		};
/* End PBXVariantGroup section */

/* Begin XCBuildConfiguration section */
		1AFD176F2241E9C60089268A /* Debug */ = {
			isa = XCBuildConfiguration;
			buildSettings = {
				ALWAYS_SEARCH_USER_PATHS = NO;
				CLANG_ANALYZER_NONNULL = YES;
				CLANG_ANALYZER_NUMBER_OBJECT_CONVERSION = YES_AGGRESSIVE;
				CLANG_CXX_LANGUAGE_STANDARD = "gnu++14";
				CLANG_CXX_LIBRARY = "libc++";
				CLANG_ENABLE_MODULES = YES;
				CLANG_ENABLE_OBJC_ARC = YES;
				CLANG_ENABLE_OBJC_WEAK = YES;
				CLANG_WARN_BLOCK_CAPTURE_AUTORELEASING = YES;
				CLANG_WARN_BOOL_CONVERSION = YES;
				CLANG_WARN_COMMA = YES;
				CLANG_WARN_CONSTANT_CONVERSION = YES;
				CLANG_WARN_DEPRECATED_OBJC_IMPLEMENTATIONS = YES;
				CLANG_WARN_DIRECT_OBJC_ISA_USAGE = YES_ERROR;
				CLANG_WARN_DOCUMENTATION_COMMENTS = YES;
				CLANG_WARN_EMPTY_BODY = YES;
				CLANG_WARN_ENUM_CONVERSION = YES;
				CLANG_WARN_INFINITE_RECURSION = YES;
				CLANG_WARN_INT_CONVERSION = YES;
				CLANG_WARN_NON_LITERAL_NULL_CONVERSION = YES;
				CLANG_WARN_OBJC_IMPLICIT_RETAIN_SELF = YES;
				CLANG_WARN_OBJC_LITERAL_CONVERSION = YES;
				CLANG_WARN_OBJC_ROOT_CLASS = YES_ERROR;
				CLANG_WARN_RANGE_LOOP_ANALYSIS = YES;
				CLANG_WARN_STRICT_PROTOTYPES = YES;
				CLANG_WARN_SUSPICIOUS_MOVE = YES;
				CLANG_WARN_UNGUARDED_AVAILABILITY = YES_AGGRESSIVE;
				CLANG_WARN_UNREACHABLE_CODE = YES;
				CLANG_WARN__DUPLICATE_METHOD_MATCH = YES;
				CODE_SIGN_IDENTITY = "iPhone Developer";
				COPY_PHASE_STRIP = NO;
				DEBUG_INFORMATION_FORMAT = dwarf;
				ENABLE_STRICT_OBJC_MSGSEND = YES;
				ENABLE_TESTABILITY = YES;
				GCC_C_LANGUAGE_STANDARD = gnu11;
				GCC_DYNAMIC_NO_PIC = NO;
				GCC_NO_COMMON_BLOCKS = YES;
				GCC_OPTIMIZATION_LEVEL = 0;
				GCC_PREPROCESSOR_DEFINITIONS = (
					"DEBUG=1",
					"$(inherited)",
				);
				GCC_WARN_64_TO_32_BIT_CONVERSION = YES;
				GCC_WARN_ABOUT_RETURN_TYPE = YES_ERROR;
				GCC_WARN_UNDECLARED_SELECTOR = YES;
				GCC_WARN_UNINITIALIZED_AUTOS = YES_AGGRESSIVE;
				GCC_WARN_UNUSED_FUNCTION = YES;
				GCC_WARN_UNUSED_VARIABLE = YES;
				IPHONEOS_DEPLOYMENT_TARGET = 12.1;
				MTL_ENABLE_DEBUG_INFO = INCLUDE_SOURCE;
				MTL_FAST_MATH = YES;
				ONLY_ACTIVE_ARCH = YES;
				SDKROOT = iphoneos;
				SWIFT_ACTIVE_COMPILATION_CONDITIONS = DEBUG;
				SWIFT_OPTIMIZATION_LEVEL = "-Onone";
			};
			name = Debug;
		};
		1AFD17702241E9C60089268A /* Release */ = {
			isa = XCBuildConfiguration;
			buildSettings = {
				ALWAYS_SEARCH_USER_PATHS = NO;
				CLANG_ANALYZER_NONNULL = YES;
				CLANG_ANALYZER_NUMBER_OBJECT_CONVERSION = YES_AGGRESSIVE;
				CLANG_CXX_LANGUAGE_STANDARD = "gnu++14";
				CLANG_CXX_LIBRARY = "libc++";
				CLANG_ENABLE_MODULES = YES;
				CLANG_ENABLE_OBJC_ARC = YES;
				CLANG_ENABLE_OBJC_WEAK = YES;
				CLANG_WARN_BLOCK_CAPTURE_AUTORELEASING = YES;
				CLANG_WARN_BOOL_CONVERSION = YES;
				CLANG_WARN_COMMA = YES;
				CLANG_WARN_CONSTANT_CONVERSION = YES;
				CLANG_WARN_DEPRECATED_OBJC_IMPLEMENTATIONS = YES;
				CLANG_WARN_DIRECT_OBJC_ISA_USAGE = YES_ERROR;
				CLANG_WARN_DOCUMENTATION_COMMENTS = YES;
				CLANG_WARN_EMPTY_BODY = YES;
				CLANG_WARN_ENUM_CONVERSION = YES;
				CLANG_WARN_INFINITE_RECURSION = YES;
				CLANG_WARN_INT_CONVERSION = YES;
				CLANG_WARN_NON_LITERAL_NULL_CONVERSION = YES;
				CLANG_WARN_OBJC_IMPLICIT_RETAIN_SELF = YES;
				CLANG_WARN_OBJC_LITERAL_CONVERSION = YES;
				CLANG_WARN_OBJC_ROOT_CLASS = YES_ERROR;
				CLANG_WARN_RANGE_LOOP_ANALYSIS = YES;
				CLANG_WARN_STRICT_PROTOTYPES = YES;
				CLANG_WARN_SUSPICIOUS_MOVE = YES;
				CLANG_WARN_UNGUARDED_AVAILABILITY = YES_AGGRESSIVE;
				CLANG_WARN_UNREACHABLE_CODE = YES;
				CLANG_WARN__DUPLICATE_METHOD_MATCH = YES;
				CODE_SIGN_IDENTITY = "iPhone Developer";
				COPY_PHASE_STRIP = NO;
				DEBUG_INFORMATION_FORMAT = "dwarf-with-dsym";
				ENABLE_NS_ASSERTIONS = NO;
				ENABLE_STRICT_OBJC_MSGSEND = YES;
				GCC_C_LANGUAGE_STANDARD = gnu11;
				GCC_NO_COMMON_BLOCKS = YES;
				GCC_WARN_64_TO_32_BIT_CONVERSION = YES;
				GCC_WARN_ABOUT_RETURN_TYPE = YES_ERROR;
				GCC_WARN_UNDECLARED_SELECTOR = YES;
				GCC_WARN_UNINITIALIZED_AUTOS = YES_AGGRESSIVE;
				GCC_WARN_UNUSED_FUNCTION = YES;
				GCC_WARN_UNUSED_VARIABLE = YES;
				IPHONEOS_DEPLOYMENT_TARGET = 12.1;
				MTL_ENABLE_DEBUG_INFO = NO;
				MTL_FAST_MATH = YES;
				SDKROOT = iphoneos;
				SWIFT_COMPILATION_MODE = wholemodule;
				SWIFT_OPTIMIZATION_LEVEL = "-O";
				VALIDATE_PRODUCT = YES;
			};
			name = Release;
		};
		1AFD17722241E9C60089268A /* Debug */ = {
			isa = XCBuildConfiguration;
			buildSettings = {
				ASSETCATALOG_COMPILER_APPICON_NAME = AppIcon;
				CODE_SIGN_STYLE = Automatic;
				DEVELOPMENT_TEAM = 2K6265573J;
				INFOPLIST_FILE = TouchAuthDemo/Info.plist;
				LD_RUNPATH_SEARCH_PATHS = (
					"$(inherited)",
					"@executable_path/Frameworks",
				);
				PRODUCT_BUNDLE_IDENTIFIER = Westone.TouchAuthDemo;
				PRODUCT_NAME = "$(TARGET_NAME)";
				SWIFT_VERSION = 4.2;
				TARGETED_DEVICE_FAMILY = "1,2";
			};
			name = Debug;
		};
		1AFD17732241E9C60089268A /* Release */ = {
			isa = XCBuildConfiguration;
			buildSettings = {
				ASSETCATALOG_COMPILER_APPICON_NAME = AppIcon;
				CODE_SIGN_STYLE = Automatic;
				DEVELOPMENT_TEAM = 2K6265573J;
				INFOPLIST_FILE = TouchAuthDemo/Info.plist;
				LD_RUNPATH_SEARCH_PATHS = (
					"$(inherited)",
					"@executable_path/Frameworks",
				);
				PRODUCT_BUNDLE_IDENTIFIER = Westone.TouchAuthDemo;
				PRODUCT_NAME = "$(TARGET_NAME)";
				SWIFT_VERSION = 4.2;
				TARGETED_DEVICE_FAMILY = "1,2";
			};
			name = Release;
		};
/* End XCBuildConfiguration section */

/* Begin XCConfigurationList section */
		1AFD175A2241E9C40089268A /* Build configuration list for PBXProject "TouchAuthDemo" */ = {
			isa = XCConfigurationList;
			buildConfigurations = (
				1AFD176F2241E9C60089268A /* Debug */,
				1AFD17702241E9C60089268A /* Release */,
			);
			defaultConfigurationIsVisible = 0;
			defaultConfigurationName = Release;
		};
		1AFD17712241E9C60089268A /* Build configuration list for PBXNativeTarget "TouchAuthDemo" */ = {
			isa = XCConfigurationList;
			buildConfigurations = (
				1AFD17722241E9C60089268A /* Debug */,
				1AFD17732241E9C60089268A /* Release */,
			);
			defaultConfigurationIsVisible = 0;
			defaultConfigurationName = Release;
		};
/* End XCConfigurationList section */
	};
	rootObject = 1AFD17572241E9C40089268A /* Project object */;
}
